
Microsoft Visual Studio Solution File, Format Version 12.00
# Visual Studio Version 17
VisualStudioVersion = 17.11.35312.102
MinimumVisualStudioVersion = 10.0.40219.1
Project("{FAE04EC0-301F-11D3-BF4B-00C04F79EFBC}") = "01_MainSubjects", "01_MainSubjects\01_MainSubjects.csproj", "{AE314BCD-5B5E-48A4-911A-EEDA2BA6011C}"
EndProject
Project("{FAE04EC0-301F-11D3-BF4B-00C04F79EFBC}") = "02_Variables", "02_Variables\02_Variables.csproj", "{C2EBADC3-615A-40F2-964C-6661FB8D788C}"
EndProject
Global
	GlobalSection(SolutionConfigurationPlatforms) = preSolution
		Debug|Any CPU = Debug|Any CPU
		Release|Any CPU = Release|Any CPU
	EndGlobalSection
	GlobalSection(ProjectConfigurationPlatforms) = postSolution
		{AE314BCD-5B5E-48A4-911A-EEDA2BA6011C}.Debug|Any CPU.ActiveCfg = Debug|Any CPU
		{AE314BCD-5B5E-48A4-911A-EEDA2BA6011C}.Debug|Any CPU.Build.0 = Debug|Any CPU
		{AE314BCD-5B5E-48A4-911A-EEDA2BA6011C}.Release|Any CPU.ActiveCfg = Release|Any CPU
		{AE314BCD-5B5E-48A4-911A-EEDA2BA6011C}.Release|Any CPU.Build.0 = Release|Any CPU
		{C2EBADC3-615A-40F2-964C-6661FB8D788C}.Debug|Any CPU.ActiveCfg = Debug|Any CPU
		{C2EBADC3-615A-40F2-964C-6661FB8D788C}.Debug|Any CPU.Build.0 = Debug|Any CPU
		{C2EBADC3-615A-40F2-964C-6661FB8D788C}.Release|Any CPU.ActiveCfg = Release|Any CPU
		{C2EBADC3-615A-40F2-964C-6661FB8D788C}.Release|Any CPU.Build.0 = Release|Any CPU
	EndGlobalSection
	GlobalSection(SolutionProperties) = preSolution
		HideSolutionNode = FALSE
	EndGlobalSection
	GlobalSection(ExtensibilityGlobals) = postSolution
		SolutionGuid = {1CBFE496-918B-401A-B594-79356CE9F238}
	EndGlobalSection
EndGlobal
